
Microsoft Visual Studio Solution File, Format Version 12.00
# Visual Studio Version 17
VisualStudioVersion = 17.12.35707.178 d17.12
MinimumVisualStudioVersion = 10.0.40219.1
Project("{FAE04EC0-301F-11D3-BF4B-00C04F79EFBC}") = "DTOs", "DTOs\DTOs.csproj", "{FBB4F0BD-E1F1-4C7B-B4CF-A6057B8DA8CD}"
EndProject
Project("{2150E333-8FDC-42A3-9474-1A3956D46DE8}") = "0_DTOs", "0_DTOs", "{ECE1266F-E667-4C62-93C0-C241992B4B94}"
EndProject
Project("{2150E333-8FDC-42A3-9474-1A3956D46DE8}") = "1_DataAccess", "1_DataAccess", "{823F4E94-1833-4D92-A1C5-46CB879915A9}"
EndProject
Project("{FAE04EC0-301F-11D3-BF4B-00C04F79EFBC}") = "DataAccess", "DataAccess\DataAccess.csproj", "{65ADE35C-B846-4C86-9687-7790ED3F94C0}"
EndProject
Project("{2150E333-8FDC-42A3-9474-1A3956D46DE8}") = "2_CoreApp", "2_CoreApp", "{4C2163C7-11A1-455F-A53A-5CEDD2233FB8}"
EndProject
Project("{FAE04EC0-301F-11D3-BF4B-00C04F79EFBC}") = "CoreApp", "CoreApp\CoreApp.csproj", "{E111D496-C0C1-407C-8034-408AFCE4ACDD}"
EndProject
Project("{2150E333-8FDC-42A3-9474-1A3956D46DE8}") = "3_Exceptions", "3_Exceptions", "{5EE48EEA-6B77-42E5-867D-D945778F929D}"
EndProject
Project("{FAE04EC0-301F-11D3-BF4B-00C04F79EFBC}") = "ExceptionManager", "ExceptionManager\ExceptionManager.csproj", "{861EC24F-5450-4655-AFD9-E607B7537366}"
EndProject
Project("{2150E333-8FDC-42A3-9474-1A3956D46DE8}") = "4_WebApi", "4_WebApi", "{D49D5ED1-9CA1-4194-84A4-80D92FCE109E}"
EndProject
Project("{FAE04EC0-301F-11D3-BF4B-00C04F79EFBC}") = "WebAPI", "WebAPI\WebAPI.csproj", "{9239FAE9-76E6-412F-8DA2-5448E5560ED3}"
EndProject
Project("{2150E333-8FDC-42A3-9474-1A3956D46DE8}") = "5_WebApp", "5_WebApp", "{9003019B-82AD-42D7-95EC-017468189081}"
EndProject
Project("{FAE04EC0-301F-11D3-BF4B-00C04F79EFBC}") = "WebApp", "WebApp\WebApp.csproj", "{9B388C7D-235E-4BDC-BC66-E4C4A30EBE27}"
EndProject
Project("{2150E333-8FDC-42A3-9474-1A3956D46DE8}") = "99_Testing", "99_Testing", "{9F5074B0-CB06-4760-9C89-8B376E87D399}"
EndProject
Project("{FAE04EC0-301F-11D3-BF4B-00C04F79EFBC}") = "DevTester", "DevTester\DevTester.csproj", "{6FFE9BA1-2EDF-4FF7-A281-F05D26DA4EB5}"
EndProject
Global
	GlobalSection(SolutionConfigurationPlatforms) = preSolution
		Debug|Any CPU = Debug|Any CPU
		Release|Any CPU = Release|Any CPU
	EndGlobalSection
	GlobalSection(ProjectConfigurationPlatforms) = postSolution
		{FBB4F0BD-E1F1-4C7B-B4CF-A6057B8DA8CD}.Debug|Any CPU.ActiveCfg = Debug|Any CPU
		{FBB4F0BD-E1F1-4C7B-B4CF-A6057B8DA8CD}.Debug|Any CPU.Build.0 = Debug|Any CPU
		{FBB4F0BD-E1F1-4C7B-B4CF-A6057B8DA8CD}.Release|Any CPU.ActiveCfg = Release|Any CPU
		{FBB4F0BD-E1F1-4C7B-B4CF-A6057B8DA8CD}.Release|Any CPU.Build.0 = Release|Any CPU
		{65ADE35C-B846-4C86-9687-7790ED3F94C0}.Debug|Any CPU.ActiveCfg = Debug|Any CPU
		{65ADE35C-B846-4C86-9687-7790ED3F94C0}.Debug|Any CPU.Build.0 = Debug|Any CPU
		{65ADE35C-B846-4C86-9687-7790ED3F94C0}.Release|Any CPU.ActiveCfg = Release|Any CPU
		{65ADE35C-B846-4C86-9687-7790ED3F94C0}.Release|Any CPU.Build.0 = Release|Any CPU
		{E111D496-C0C1-407C-8034-408AFCE4ACDD}.Debug|Any CPU.ActiveCfg = Debug|Any CPU
		{E111D496-C0C1-407C-8034-408AFCE4ACDD}.Debug|Any CPU.Build.0 = Debug|Any CPU
		{E111D496-C0C1-407C-8034-408AFCE4ACDD}.Release|Any CPU.ActiveCfg = Release|Any CPU
		{E111D496-C0C1-407C-8034-408AFCE4ACDD}.Release|Any CPU.Build.0 = Release|Any CPU
		{861EC24F-5450-4655-AFD9-E607B7537366}.Debug|Any CPU.ActiveCfg = Debug|Any CPU
		{861EC24F-5450-4655-AFD9-E607B7537366}.Debug|Any CPU.Build.0 = Debug|Any CPU
		{861EC24F-5450-4655-AFD9-E607B7537366}.Release|Any CPU.ActiveCfg = Release|Any CPU
		{861EC24F-5450-4655-AFD9-E607B7537366}.Release|Any CPU.Build.0 = Release|Any CPU
		{9239FAE9-76E6-412F-8DA2-5448E5560ED3}.Debug|Any CPU.ActiveCfg = Debug|Any CPU
		{9239FAE9-76E6-412F-8DA2-5448E5560ED3}.Debug|Any CPU.Build.0 = Debug|Any CPU
		{9239FAE9-76E6-412F-8DA2-5448E5560ED3}.Release|Any CPU.ActiveCfg = Release|Any CPU
		{9239FAE9-76E6-412F-8DA2-5448E5560ED3}.Release|Any CPU.Build.0 = Release|Any CPU
		{9B388C7D-235E-4BDC-BC66-E4C4A30EBE27}.Debug|Any CPU.ActiveCfg = Debug|Any CPU
		{9B388C7D-235E-4BDC-BC66-E4C4A30EBE27}.Debug|Any CPU.Build.0 = Debug|Any CPU
		{9B388C7D-235E-4BDC-BC66-E4C4A30EBE27}.Release|Any CPU.ActiveCfg = Release|Any CPU
		{9B388C7D-235E-4BDC-BC66-E4C4A30EBE27}.Release|Any CPU.Build.0 = Release|Any CPU
		{6FFE9BA1-2EDF-4FF7-A281-F05D26DA4EB5}.Debug|Any CPU.ActiveCfg = Debug|Any CPU
		{6FFE9BA1-2EDF-4FF7-A281-F05D26DA4EB5}.Debug|Any CPU.Build.0 = Debug|Any CPU
		{6FFE9BA1-2EDF-4FF7-A281-F05D26DA4EB5}.Release|Any CPU.ActiveCfg = Release|Any CPU
		{6FFE9BA1-2EDF-4FF7-A281-F05D26DA4EB5}.Release|Any CPU.Build.0 = Release|Any CPU
	EndGlobalSection
	GlobalSection(SolutionProperties) = preSolution
		HideSolutionNode = FALSE
	EndGlobalSection
	GlobalSection(NestedProjects) = preSolution
		{FBB4F0BD-E1F1-4C7B-B4CF-A6057B8DA8CD} = {ECE1266F-E667-4C62-93C0-C241992B4B94}
		{65ADE35C-B846-4C86-9687-7790ED3F94C0} = {823F4E94-1833-4D92-A1C5-46CB879915A9}
		{E111D496-C0C1-407C-8034-408AFCE4ACDD} = {4C2163C7-11A1-455F-A53A-5CEDD2233FB8}
		{861EC24F-5450-4655-AFD9-E607B7537366} = {5EE48EEA-6B77-42E5-867D-D945778F929D}
		{9239FAE9-76E6-412F-8DA2-5448E5560ED3} = {D49D5ED1-9CA1-4194-84A4-80D92FCE109E}
		{9B388C7D-235E-4BDC-BC66-E4C4A30EBE27} = {9003019B-82AD-42D7-95EC-017468189081}
		{6FFE9BA1-2EDF-4FF7-A281-F05D26DA4EB5} = {9F5074B0-CB06-4760-9C89-8B376E87D399}
	EndGlobalSection
EndGlobal
